
Microsoft Visual Studio Solution File, Format Version 12.00
# Visual Studio 15
VisualStudioVersion = 15.0.28307.1082
MinimumVisualStudioVersion = 10.0.40219.1
Project("{FAE04EC0-301F-11D3-BF4B-00C04F79EFBC}") = "PictureOrganizer", "PictureOrganizer\PictureOrganizer.csproj", "{B4E31349-795C-4983-8F08-4F907DB12C60}"
EndProject
Project("{FAE04EC0-301F-11D3-BF4B-00C04F79EFBC}") = "OrganizerMediaLibrary", "PictureOrganizerLibrary\OrganizerMediaLibrary.csproj", "{796B5146-4A97-4099-915A-7A94D770A419}"
EndProject
Global
	GlobalSection(SolutionConfigurationPlatforms) = preSolution
		Debug|Any CPU = Debug|Any CPU
		Release|Any CPU = Release|Any CPU
	EndGlobalSection
	GlobalSection(ProjectConfigurationPlatforms) = postSolution
		{B4E31349-795C-4983-8F08-4F907DB12C60}.Debug|Any CPU.ActiveCfg = Debug|Any CPU
		{B4E31349-795C-4983-8F08-4F907DB12C60}.Debug|Any CPU.Build.0 = Debug|Any CPU
		{B4E31349-795C-4983-8F08-4F907DB12C60}.Release|Any CPU.ActiveCfg = Release|Any CPU
		{B4E31349-795C-4983-8F08-4F907DB12C60}.Release|Any CPU.Build.0 = Release|Any CPU
		{796B5146-4A97-4099-915A-7A94D770A419}.Debug|Any CPU.ActiveCfg = Debug|Any CPU
		{796B5146-4A97-4099-915A-7A94D770A419}.Debug|Any CPU.Build.0 = Debug|Any CPU
		{796B5146-4A97-4099-915A-7A94D770A419}.Release|Any CPU.ActiveCfg = Release|Any CPU
		{796B5146-4A97-4099-915A-7A94D770A419}.Release|Any CPU.Build.0 = Release|Any CPU
	EndGlobalSection
	GlobalSection(SolutionProperties) = preSolution
		HideSolutionNode = FALSE
	EndGlobalSection
	GlobalSection(ExtensibilityGlobals) = postSolution
		SolutionGuid = {A2AC3AF1-9AF1-4D20-B3EE-247E5C08BE56}
	EndGlobalSection
EndGlobal
